
Microsoft Visual Studio Solution File, Format Version 12.00
# Visual Studio Version 16
VisualStudioVersion = 16.0.31205.134
MinimumVisualStudioVersion = 10.0.40219.1
Project("{FAE04EC0-301F-11D3-BF4B-00C04F79EFBC}") = "BlazorApplication.Server", "Server\BlazorApplication.Server.csproj", "{73C02466-FB79-4026-AE62-3215163EC2CE}"
EndProject
Project("{FAE04EC0-301F-11D3-BF4B-00C04F79EFBC}") = "BlazorApplication.Client", "Client\BlazorApplication.Client.csproj", "{5A6BEED2-5DE8-4BAF-9A9C-A39AD36DB6C0}"
EndProject
Project("{FAE04EC0-301F-11D3-BF4B-00C04F79EFBC}") = "BlazorApplication.Shared", "Shared\BlazorApplication.Shared.csproj", "{48650D33-F9C0-4ECC-9821-5EC470CD1067}"
EndProject
Global
	GlobalSection(SolutionConfigurationPlatforms) = preSolution
		Debug|Any CPU = Debug|Any CPU
		Release|Any CPU = Release|Any CPU
	EndGlobalSection
	GlobalSection(ProjectConfigurationPlatforms) = postSolution
		{73C02466-FB79-4026-AE62-3215163EC2CE}.Debug|Any CPU.ActiveCfg = Debug|Any CPU
		{73C02466-FB79-4026-AE62-3215163EC2CE}.Debug|Any CPU.Build.0 = Debug|Any CPU
		{73C02466-FB79-4026-AE62-3215163EC2CE}.Release|Any CPU.ActiveCfg = Release|Any CPU
		{73C02466-FB79-4026-AE62-3215163EC2CE}.Release|Any CPU.Build.0 = Release|Any CPU
		{5A6BEED2-5DE8-4BAF-9A9C-A39AD36DB6C0}.Debug|Any CPU.ActiveCfg = Debug|Any CPU
		{5A6BEED2-5DE8-4BAF-9A9C-A39AD36DB6C0}.Debug|Any CPU.Build.0 = Debug|Any CPU
		{5A6BEED2-5DE8-4BAF-9A9C-A39AD36DB6C0}.Release|Any CPU.ActiveCfg = Release|Any CPU
		{5A6BEED2-5DE8-4BAF-9A9C-A39AD36DB6C0}.Release|Any CPU.Build.0 = Release|Any CPU
		{48650D33-F9C0-4ECC-9821-5EC470CD1067}.Debug|Any CPU.ActiveCfg = Debug|Any CPU
		{48650D33-F9C0-4ECC-9821-5EC470CD1067}.Debug|Any CPU.Build.0 = Debug|Any CPU
		{48650D33-F9C0-4ECC-9821-5EC470CD1067}.Release|Any CPU.ActiveCfg = Release|Any CPU
		{48650D33-F9C0-4ECC-9821-5EC470CD1067}.Release|Any CPU.Build.0 = Release|Any CPU
	EndGlobalSection
	GlobalSection(SolutionProperties) = preSolution
		HideSolutionNode = FALSE
	EndGlobalSection
	GlobalSection(ExtensibilityGlobals) = postSolution
		SolutionGuid = {5F5E1975-A5A3-42D2-915C-436490A13168}
	EndGlobalSection
EndGlobal
